// !$*UTF8*$!
{
	archiveVersion = 1;
	classes = {
	};
	objectVersion = 46;
	objects = {

/* Begin PBXBuildFile section */
		E810F4121F395B2F00D4825C /* AppDelegate.swift in Sources */ = {isa = PBXBuildFile; fileRef = E810F4111F395B2F00D4825C /* AppDelegate.swift */; };
		E810F4141F395B2F00D4825C /* ViewController.swift in Sources */ = {isa = PBXBuildFile; fileRef = E810F4131F395B2F00D4825C /* ViewController.swift */; };
		E810F4171F395B2F00D4825C /* Main.storyboard in Resources */ = {isa = PBXBuildFile; fileRef = E810F4151F395B2F00D4825C /* Main.storyboard */; };
		E810F4191F395B2F00D4825C /* Assets.xcassets in Resources */ = {isa = PBXBuildFile; fileRef = E810F4181F395B2F00D4825C /* Assets.xcassets */; };
		E810F41C1F395B2F00D4825C /* LaunchScreen.storyboard in Resources */ = {isa = PBXBuildFile; fileRef = E810F41A1F395B2F00D4825C /* LaunchScreen.storyboard */; };
/* End PBXBuildFile section */

/* Begin PBXFileReference section */
		E810F40E1F395B2F00D4825C /* Minhas anotações.app */ = {isa = PBXFileReference; explicitFileType = wrapper.application; includeInIndex = 0; path = "Minhas anotações.app"; sourceTree = BUILT_PRODUCTS_DIR; };
		E810F4111F395B2F00D4825C /* AppDelegate.swift */ = {isa = PBXFileReference; lastKnownFileType = sourcecode.swift; path = AppDelegate.swift; sourceTree = "<group>"; };
		E810F4131F395B2F00D4825C /* ViewController.swift */ = {isa = PBXFileReference; lastKnownFileType = sourcecode.swift; path = ViewController.swift; sourceTree = "<group>"; };
		E810F4161F395B2F00D4825C /* Base */ = {isa = PBXFileReference; lastKnownFileType = file.storyboard; name = Base; path = Base.lproj/Main.storyboard; sourceTree = "<group>"; };
		E810F4181F395B2F00D4825C /* Assets.xcassets */ = {isa = PBXFileReference; lastKnownFileType = folder.assetcatalog; path = Assets.xcassets; sourceTree = "<group>"; };
		E810F41B1F395B2F00D4825C /* Base */ = {isa = PBXFileReference; lastKnownFileType = file.storyboard; name = Base; path = Base.lproj/LaunchScreen.storyboard; sourceTree = "<group>"; };
		E810F41D1F395B2F00D4825C /* Info.plist */ = {isa = PBXFileReference; lastKnownFileType = text.plist.xml; path = Info.plist; sourceTree = "<group>"; };
/* End PBXFileReference section */

/* Begin PBXFrameworksBuildPhase section */
		E810F40B1F395B2F00D4825C /* Frameworks */ = {
			isa = PBXFrameworksBuildPhase;
			buildActionMask = 2147483647;
			files = (
			);
			runOnlyForDeploymentPostprocessing = 0;
		};
/* End PBXFrameworksBuildPhase section */

/* Begin PBXGroup section */
		E810F4051F395B2F00D4825C = {
			isa = PBXGroup;
			children = (
				E810F4101F395B2F00D4825C /* Minhas anotações */,
				E810F40F1F395B2F00D4825C /* Products */,
			);
			sourceTree = "<group>";
		};
		E810F40F1F395B2F00D4825C /* Products */ = {
			isa = PBXGroup;
			children = (
				E810F40E1F395B2F00D4825C /* Minhas anotações.app */,
			);
			name = Products;
			sourceTree = "<group>";
		};
		E810F4101F395B2F00D4825C /* Minhas anotações */ = {
			isa = PBXGroup;
			children = (
				E810F4111F395B2F00D4825C /* AppDelegate.swift */,
				E810F4131F395B2F00D4825C /* ViewController.swift */,
				E810F4151F395B2F00D4825C /* Main.storyboard */,
				E810F4181F395B2F00D4825C /* Assets.xcassets */,
				E810F41A1F395B2F00D4825C /* LaunchScreen.storyboard */,
				E810F41D1F395B2F00D4825C /* Info.plist */,
			);
			path = "Minhas anotações";
			sourceTree = "<group>";
		};
/* End PBXGroup section */

/* Begin PBXNativeTarget section */
		E810F40D1F395B2F00D4825C /* Minhas anotações */ = {
			isa = PBXNativeTarget;
			buildConfigurationList = E810F4201F395B2F00D4825C /* Build configuration list for PBXNativeTarget "Minhas anotações" */;
			buildPhases = (
				E810F40A1F395B2F00D4825C /* Sources */,
				E810F40B1F395B2F00D4825C /* Frameworks */,
				E810F40C1F395B2F00D4825C /* Resources */,
			);
			buildRules = (
			);
			dependencies = (
			);
			name = "Minhas anotações";
			productName = "Minhas anotações";
			productReference = E810F40E1F395B2F00D4825C /* Minhas anotações.app */;
			productType = "com.apple.product-type.application";
		};
/* End PBXNativeTarget section */

/* Begin PBXProject section */
		E810F4061F395B2F00D4825C /* Project object */ = {
			isa = PBXProject;
			attributes = {
				LastSwiftUpdateCheck = 0830;
				LastUpgradeCheck = 0910;
				ORGANIZATIONNAME = "Lucas Inocencio";
				TargetAttributes = {
					E810F40D1F395B2F00D4825C = {
						CreatedOnToolsVersion = 8.3.3;
						DevelopmentTeam = Y65JAZKR5L;
						ProvisioningStyle = Automatic;
					};
				};
			};
			buildConfigurationList = E810F4091F395B2F00D4825C /* Build configuration list for PBXProject "Minhas anotações" */;
			compatibilityVersion = "Xcode 3.2";
			developmentRegion = English;
			hasScannedForEncodings = 0;
			knownRegions = (
				en,
				Base,
			);
			mainGroup = E810F4051F395B2F00D4825C;
			productRefGroup = E810F40F1F395B2F00D4825C /* Products */;
			projectDirPath = "";
			projectRoot = "";
			targets = (
				E810F40D1F395B2F00D4825C /* Minhas anotações */,
			);
		};
/* End PBXProject section */

/* Begin PBXResourcesBuildPhase section */
		E810F40C1F395B2F00D4825C /* Resources */ = {
			isa = PBXResourcesBuildPhase;
			buildActionMask = 2147483647;
			files = (
				E810F41C1F395B2F00D4825C /* LaunchScreen.storyboard in Resources */,
				E810F4191F395B2F00D4825C /* Assets.xcassets in Resources */,
				E810F4171F395B2F00D4825C /* Main.storyboard in Resources */,
			);
			runOnlyForDeploymentPostprocessing = 0;
		};
/* End PBXResourcesBuildPhase section */

/* Begin PBXSourcesBuildPhase section */
		E810F40A1F395B2F00D4825C /* Sources */ = {
			isa = PBXSourcesBuildPhase;
			buildActionMask = 2147483647;
			files = (
				E810F4141F395B2F00D4825C /* ViewController.swift in Sources */,
				E810F4121F395B2F00D4825C /* AppDelegate.swift in Sources */,
			);
			runOnlyForDeploymentPostprocessing = 0;
		};
/* End PBXSourcesBuildPhase section */

/* Begin PBXVariantGroup section */
		E810F4151F395B2F00D4825C /* Main.storyboard */ = {
			isa = PBXVariantGroup;
			children = (
				E810F4161F395B2F00D4825C /* Base */,
			);
			name = Main.storyboard;
			sourceTree = "<group>";
		};
		E810F41A1F395B2F00D4825C /* LaunchScreen.storyboard */ = {
			isa = PBXVariantGroup;
			children = (
				E810F41B1F395B2F00D4825C /* Base */,
			);
			name = LaunchScreen.storyboard;
			sourceTree = "<group>";
		};
/* End PBXVariantGroup section */

/* Begin XCBuildConfiguration section */
		E810F41E1F395B2F00D4825C /* Debug */ = {
			isa = XCBuildConfiguration;
			buildSettings = {
				ALWAYS_SEARCH_USER_PATHS = NO;
				CLANG_ANALYZER_NONNULL = YES;
				CLANG_ANALYZER_NUMBER_OBJECT_CONVERSION = YES_AGGRESSIVE;
				CLANG_CXX_LANGUAGE_STANDARD = "gnu++0x";
				CLANG_CXX_LIBRARY = "libc++";
				CLANG_ENABLE_MODULES = YES;
				CLANG_ENABLE_OBJC_ARC = YES;
				CLANG_WARN_BLOCK_CAPTURE_AUTORELEASING = YES;
				CLANG_WARN_BOOL_CONVERSION = YES;
				CLANG_WARN_COMMA = YES;
				CLANG_WARN_CONSTANT_CONVERSION = YES;
				CLANG_WARN_DIRECT_OBJC_ISA_USAGE = YES_ERROR;
				CLANG_WARN_DOCUMENTATION_COMMENTS = YES;
				CLANG_WARN_EMPTY_BODY = YES;
				CLANG_WARN_ENUM_CONVERSION = YES;
				CLANG_WARN_INFINITE_RECURSION = YES;
				CLANG_WARN_INT_CONVERSION = YES;
				CLANG_WARN_NON_LITERAL_NULL_CONVERSION = YES;
				CLANG_WARN_OBJC_LITERAL_CONVERSION = YES;
				CLANG_WARN_OBJC_ROOT_CLASS = YES_ERROR;
				CLANG_WARN_RANGE_LOOP_ANALYSIS = YES;
				CLANG_WARN_STRICT_PROTOTYPES = YES;
				CLANG_WARN_SUSPICIOUS_MOVE = YES;
				CLANG_WARN_UNREACHABLE_CODE = YES;
				CLANG_WARN__DUPLICATE_METHOD_MATCH = YES;
				"CODE_SIGN_IDENTITY[sdk=iphoneos*]" = "iPhone Developer";
				COPY_PHASE_STRIP = NO;
				DEBUG_INFORMATION_FORMAT = dwarf;
				ENABLE_STRICT_OBJC_MSGSEND = YES;
				ENABLE_TESTABILITY = YES;
				GCC_C_LANGUAGE_STANDARD = gnu99;
				GCC_DYNAMIC_NO_PIC = NO;
				GCC_NO_COMMON_BLOCKS = YES;
				GCC_OPTIMIZATION_LEVEL = 0;
				GCC_PREPROCESSOR_DEFINITIONS = (
					"DEBUG=1",
					"$(inherited)",
				);
				GCC_WARN_64_TO_32_BIT_CONVERSION = YES;
				GCC_WARN_ABOUT_RETURN_TYPE = YES_ERROR;
				GCC_WARN_UNDECLARED_SELECTOR = YES;
				GCC_WARN_UNINITIALIZED_AUTOS = YES_AGGRESSIVE;
				GCC_WARN_UNUSED_FUNCTION = YES;
				GCC_WARN_UNUSED_VARIABLE = YES;
				IPHONEOS_DEPLOYMENT_TARGET = 10.3;
				MTL_ENABLE_DEBUG_INFO = YES;
				ONLY_ACTIVE_ARCH = YES;
				SDKROOT = iphoneos;
				SWIFT_ACTIVE_COMPILATION_CONDITIONS = DEBUG;
				SWIFT_OPTIMIZATION_LEVEL = "-Onone";
				TARGETED_DEVICE_FAMILY = "1,2";
			};
			name = Debug;
		};
		E810F41F1F395B2F00D4825C /* Release */ = {
			isa = XCBuildConfiguration;
			buildSettings = {
				ALWAYS_SEARCH_USER_PATHS = NO;
				CLANG_ANALYZER_NONNULL = YES;
				CLANG_ANALYZER_NUMBER_OBJECT_CONVERSION = YES_AGGRESSIVE;
				CLANG_CXX_LANGUAGE_STANDARD = "gnu++0x";
				CLANG_CXX_LIBRARY = "libc++";
				CLANG_ENABLE_MODULES = YES;
				CLANG_ENABLE_OBJC_ARC = YES;
				CLANG_WARN_BLOCK_CAPTURE_AUTORELEASING = YES;
				CLANG_WARN_BOOL_CONVERSION = YES;
				CLANG_WARN_COMMA = YES;
				CLANG_WARN_CONSTANT_CONVERSION = YES;
				CLANG_WARN_DIRECT_OBJC_ISA_USAGE = YES_ERROR;
				CLANG_WARN_DOCUMENTATION_COMMENTS = YES;
				CLANG_WARN_EMPTY_BODY = YES;
				CLANG_WARN_ENUM_CONVERSION = YES;
				CLANG_WARN_INFINITE_RECURSION = YES;
				CLANG_WARN_INT_CONVERSION = YES;
				CLANG_WARN_NON_LITERAL_NULL_CONVERSION = YES;
				CLANG_WARN_OBJC_LITERAL_CONVERSION = YES;
				CLANG_WARN_OBJC_ROOT_CLASS = YES_ERROR;
				CLANG_WARN_RANGE_LOOP_ANALYSIS = YES;
				CLANG_WARN_STRICT_PROTOTYPES = YES;
				CLANG_WARN_SUSPICIOUS_MOVE = YES;
				CLANG_WARN_UNREACHABLE_CODE = YES;
				CLANG_WARN__DUPLICATE_METHOD_MATCH = YES;
				"CODE_SIGN_IDENTITY[sdk=iphoneos*]" = "iPhone Developer";
				COPY_PHASE_STRIP = NO;
				DEBUG_INFORMATION_FORMAT = "dwarf-with-dsym";
				ENABLE_NS_ASSERTIONS = NO;
				ENABLE_STRICT_OBJC_MSGSEND = YES;
				GCC_C_LANGUAGE_STANDARD = gnu99;
				GCC_NO_COMMON_BLOCKS = YES;
				GCC_WARN_64_TO_32_BIT_CONVERSION = YES;
				GCC_WARN_ABOUT_RETURN_TYPE = YES_ERROR;
				GCC_WARN_UNDECLARED_SELECTOR = YES;
				GCC_WARN_UNINITIALIZED_AUTOS = YES_AGGRESSIVE;
				GCC_WARN_UNUSED_FUNCTION = YES;
				GCC_WARN_UNUSED_VARIABLE = YES;
				IPHONEOS_DEPLOYMENT_TARGET = 10.3;
				MTL_ENABLE_DEBUG_INFO = NO;
				SDKROOT = iphoneos;
				SWIFT_OPTIMIZATION_LEVEL = "-Owholemodule";
				TARGETED_DEVICE_FAMILY = "1,2";
				VALIDATE_PRODUCT = YES;
			};
			name = Release;
		};
		E810F4211F395B2F00D4825C /* Debug */ = {
			isa = XCBuildConfiguration;
			buildSettings = {
				ASSETCATALOG_COMPILER_APPICON_NAME = AppIcon;
				DEVELOPMENT_TEAM = Y65JAZKR5L;
				INFOPLIST_FILE = "Minhas anotações/Info.plist";
				LD_RUNPATH_SEARCH_PATHS = "$(inherited) @executable_path/Frameworks";
				PRODUCT_BUNDLE_IDENTIFIER = "br.com.devmister.Minhas-anotac-o-es";
				PRODUCT_NAME = "$(TARGET_NAME)";
				SWIFT_VERSION = 3.0;
			};
			name = Debug;
		};
		E810F4221F395B2F00D4825C /* Release */ = {
			isa = XCBuildConfiguration;
			buildSettings = {
				ASSETCATALOG_COMPILER_APPICON_NAME = AppIcon;
				DEVELOPMENT_TEAM = Y65JAZKR5L;
				INFOPLIST_FILE = "Minhas anotações/Info.plist";
				LD_RUNPATH_SEARCH_PATHS = "$(inherited) @executable_path/Frameworks";
				PRODUCT_BUNDLE_IDENTIFIER = "br.com.devmister.Minhas-anotac-o-es";
				PRODUCT_NAME = "$(TARGET_NAME)";
				SWIFT_VERSION = 3.0;
			};
			name = Release;
		};
/* End XCBuildConfiguration section */

/* Begin XCConfigurationList section */
		E810F4091F395B2F00D4825C /* Build configuration list for PBXProject "Minhas anotações" */ = {
			isa = XCConfigurationList;
			buildConfigurations = (
				E810F41E1F395B2F00D4825C /* Debug */,
				E810F41F1F395B2F00D4825C /* Release */,
			);
			defaultConfigurationIsVisible = 0;
			defaultConfigurationName = Release;
		};
		E810F4201F395B2F00D4825C /* Build configuration list for PBXNativeTarget "Minhas anotações" */ = {
			isa = XCConfigurationList;
			buildConfigurations = (
				E810F4211F395B2F00D4825C /* Debug */,
				E810F4221F395B2F00D4825C /* Release */,
			);
			defaultConfigurationIsVisible = 0;
			defaultConfigurationName = Release;
		};
/* End XCConfigurationList section */
	};
	rootObject = E810F4061F395B2F00D4825C /* Project object */;
}
